// !$*UTF8*$!
{
	archiveVersion = 1;
	classes = {
	};
	objectVersion = 51;
	objects = {

/* Begin PBXBuildFile section */
		034E8EFEAE2B8B87E7A10488 /* Pods_ParstagramTests.framework in Frameworks */ = {isa = PBXBuildFile; fileRef = ACC8E0189A451FECC31ECEDB /* Pods_ParstagramTests.framework */; };
		2EB2587F12CF8E8FAFE7B2F1 /* Pods_Parstagram.framework in Frameworks */ = {isa = PBXBuildFile; fileRef = EEEC34AEC31153D0CE068A56 /* Pods_Parstagram.framework */; };
		65D1C0B6246C288A8828E79A /* Pods_Parstagram_ParstagramUITests.framework in Frameworks */ = {isa = PBXBuildFile; fileRef = AA07CC3752D698C52B5F6CAB /* Pods_Parstagram_ParstagramUITests.framework */; };
		C644AC8A240773EC0052F575 /* CameraViewController.swift in Sources */ = {isa = PBXBuildFile; fileRef = C644AC89240773EC0052F575 /* CameraViewController.swift */; };
		C644AC8C24078D840052F575 /* PostCell.swift in Sources */ = {isa = PBXBuildFile; fileRef = C644AC8B24078D840052F575 /* PostCell.swift */; };
		C644AC8E240ED9E20052F575 /* CommentCell.swift in Sources */ = {isa = PBXBuildFile; fileRef = C644AC8D240ED9E20052F575 /* CommentCell.swift */; };
		C6A4D26E2407281700E83E9D /* LoginViewController.swift in Sources */ = {isa = PBXBuildFile; fileRef = C6A4D26D2407281700E83E9D /* LoginViewController.swift */; };
		C6A4D2702407282800E83E9D /* FeedViewController.swift in Sources */ = {isa = PBXBuildFile; fileRef = C6A4D26F2407282800E83E9D /* FeedViewController.swift */; };
		C6BCE7A024009377002AEF4C /* AppDelegate.swift in Sources */ = {isa = PBXBuildFile; fileRef = C6BCE79F24009377002AEF4C /* AppDelegate.swift */; };
		C6BCE7A224009377002AEF4C /* SceneDelegate.swift in Sources */ = {isa = PBXBuildFile; fileRef = C6BCE7A124009377002AEF4C /* SceneDelegate.swift */; };
		C6BCE7A724009377002AEF4C /* Main.storyboard in Resources */ = {isa = PBXBuildFile; fileRef = C6BCE7A524009377002AEF4C /* Main.storyboard */; };
		C6BCE7A924009388002AEF4C /* Assets.xcassets in Resources */ = {isa = PBXBuildFile; fileRef = C6BCE7A824009388002AEF4C /* Assets.xcassets */; };
		C6BCE7AC24009388002AEF4C /* LaunchScreen.storyboard in Resources */ = {isa = PBXBuildFile; fileRef = C6BCE7AA24009388002AEF4C /* LaunchScreen.storyboard */; };
		C6BCE7B724009389002AEF4C /* ParstagramTests.swift in Sources */ = {isa = PBXBuildFile; fileRef = C6BCE7B624009389002AEF4C /* ParstagramTests.swift */; };
		C6BCE7C224009389002AEF4C /* ParstagramUITests.swift in Sources */ = {isa = PBXBuildFile; fileRef = C6BCE7C124009389002AEF4C /* ParstagramUITests.swift */; };
/* End PBXBuildFile section */

/* Begin PBXContainerItemProxy section */
		C6BCE7B324009389002AEF4C /* PBXContainerItemProxy */ = {
			isa = PBXContainerItemProxy;
			containerPortal = C6BCE79424009377002AEF4C /* Project object */;
			proxyType = 1;
			remoteGlobalIDString = C6BCE79B24009377002AEF4C;
			remoteInfo = Parstagram;
		};
		C6BCE7BE24009389002AEF4C /* PBXContainerItemProxy */ = {
			isa = PBXContainerItemProxy;
			containerPortal = C6BCE79424009377002AEF4C /* Project object */;
			proxyType = 1;
			remoteGlobalIDString = C6BCE79B24009377002AEF4C;
			remoteInfo = Parstagram;
		};
/* End PBXContainerItemProxy section */

/* Begin PBXFileReference section */
		1081F8B9089B92454CC9CFF6 /* Pods-Parstagram-ParstagramUITests.release.xcconfig */ = {isa = PBXFileReference; includeInIndex = 1; lastKnownFileType = text.xcconfig; name = "Pods-Parstagram-ParstagramUITests.release.xcconfig"; path = "Target Support Files/Pods-Parstagram-ParstagramUITests/Pods-Parstagram-ParstagramUITests.release.xcconfig"; sourceTree = "<group>"; };
		294011A7F210C5FDA421ED87 /* Pods-Parstagram-ParstagramUITests.debug.xcconfig */ = {isa = PBXFileReference; includeInIndex = 1; lastKnownFileType = text.xcconfig; name = "Pods-Parstagram-ParstagramUITests.debug.xcconfig"; path = "Target Support Files/Pods-Parstagram-ParstagramUITests/Pods-Parstagram-ParstagramUITests.debug.xcconfig"; sourceTree = "<group>"; };
		4763D42FD4C9E8EFE932F943 /* Pods-ParstagramTests.debug.xcconfig */ = {isa = PBXFileReference; includeInIndex = 1; lastKnownFileType = text.xcconfig; name = "Pods-ParstagramTests.debug.xcconfig"; path = "Target Support Files/Pods-ParstagramTests/Pods-ParstagramTests.debug.xcconfig"; sourceTree = "<group>"; };
		8B9D7D22BC1B7AD7B8F12C86 /* Pods-Parstagram.debug.xcconfig */ = {isa = PBXFileReference; includeInIndex = 1; lastKnownFileType = text.xcconfig; name = "Pods-Parstagram.debug.xcconfig"; path = "Target Support Files/Pods-Parstagram/Pods-Parstagram.debug.xcconfig"; sourceTree = "<group>"; };
		A3D1CA34150FC38DA0880AC0 /* Pods-Parstagram.release.xcconfig */ = {isa = PBXFileReference; includeInIndex = 1; lastKnownFileType = text.xcconfig; name = "Pods-Parstagram.release.xcconfig"; path = "Target Support Files/Pods-Parstagram/Pods-Parstagram.release.xcconfig"; sourceTree = "<group>"; };
		AA07CC3752D698C52B5F6CAB /* Pods_Parstagram_ParstagramUITests.framework */ = {isa = PBXFileReference; explicitFileType = wrapper.framework; includeInIndex = 0; path = Pods_Parstagram_ParstagramUITests.framework; sourceTree = BUILT_PRODUCTS_DIR; };
		ACC8E0189A451FECC31ECEDB /* Pods_ParstagramTests.framework */ = {isa = PBXFileReference; explicitFileType = wrapper.framework; includeInIndex = 0; path = Pods_ParstagramTests.framework; sourceTree = BUILT_PRODUCTS_DIR; };
		C644AC89240773EC0052F575 /* CameraViewController.swift */ = {isa = PBXFileReference; lastKnownFileType = sourcecode.swift; path = CameraViewController.swift; sourceTree = "<group>"; };
		C644AC8B24078D840052F575 /* PostCell.swift */ = {isa = PBXFileReference; lastKnownFileType = sourcecode.swift; path = PostCell.swift; sourceTree = "<group>"; };
		C644AC8D240ED9E20052F575 /* CommentCell.swift */ = {isa = PBXFileReference; lastKnownFileType = sourcecode.swift; path = CommentCell.swift; sourceTree = "<group>"; };
		C6A4D26D2407281700E83E9D /* LoginViewController.swift */ = {isa = PBXFileReference; lastKnownFileType = sourcecode.swift; path = LoginViewController.swift; sourceTree = "<group>"; };
		C6A4D26F2407282800E83E9D /* FeedViewController.swift */ = {isa = PBXFileReference; lastKnownFileType = sourcecode.swift; path = FeedViewController.swift; sourceTree = "<group>"; };
		C6BCE79C24009377002AEF4C /* Parstagram.app */ = {isa = PBXFileReference; explicitFileType = wrapper.application; includeInIndex = 0; path = Parstagram.app; sourceTree = BUILT_PRODUCTS_DIR; };
		C6BCE79F24009377002AEF4C /* AppDelegate.swift */ = {isa = PBXFileReference; lastKnownFileType = sourcecode.swift; path = AppDelegate.swift; sourceTree = "<group>"; };
		C6BCE7A124009377002AEF4C /* SceneDelegate.swift */ = {isa = PBXFileReference; lastKnownFileType = sourcecode.swift; path = SceneDelegate.swift; sourceTree = "<group>"; };
		C6BCE7A624009377002AEF4C /* Base */ = {isa = PBXFileReference; lastKnownFileType = file.storyboard; name = Base; path = Base.lproj/Main.storyboard; sourceTree = "<group>"; };
		C6BCE7A824009388002AEF4C /* Assets.xcassets */ = {isa = PBXFileReference; lastKnownFileType = folder.assetcatalog; path = Assets.xcassets; sourceTree = "<group>"; };
		C6BCE7AB24009388002AEF4C /* Base */ = {isa = PBXFileReference; lastKnownFileType = file.storyboard; name = Base; path = Base.lproj/LaunchScreen.storyboard; sourceTree = "<group>"; };
		C6BCE7AD24009388002AEF4C /* Info.plist */ = {isa = PBXFileReference; lastKnownFileType = text.plist.xml; path = Info.plist; sourceTree = "<group>"; };
		C6BCE7B224009389002AEF4C /* ParstagramTests.xctest */ = {isa = PBXFileReference; explicitFileType = wrapper.cfbundle; includeInIndex = 0; path = ParstagramTests.xctest; sourceTree = BUILT_PRODUCTS_DIR; };
		C6BCE7B624009389002AEF4C /* ParstagramTests.swift */ = {isa = PBXFileReference; lastKnownFileType = sourcecode.swift; path = ParstagramTests.swift; sourceTree = "<group>"; };
		C6BCE7B824009389002AEF4C /* Info.plist */ = {isa = PBXFileReference; lastKnownFileType = text.plist.xml; path = Info.plist; sourceTree = "<group>"; };
		C6BCE7BD24009389002AEF4C /* ParstagramUITests.xctest */ = {isa = PBXFileReference; explicitFileType = wrapper.cfbundle; includeInIndex = 0; path = ParstagramUITests.xctest; sourceTree = BUILT_PRODUCTS_DIR; };
		C6BCE7C124009389002AEF4C /* ParstagramUITests.swift */ = {isa = PBXFileReference; lastKnownFileType = sourcecode.swift; path = ParstagramUITests.swift; sourceTree = "<group>"; };
		C6BCE7C324009389002AEF4C /* Info.plist */ = {isa = PBXFileReference; lastKnownFileType = text.plist.xml; path = Info.plist; sourceTree = "<group>"; };
		C9C42EE04688F574796AAEC6 /* Pods-ParstagramTests.release.xcconfig */ = {isa = PBXFileReference; includeInIndex = 1; lastKnownFileType = text.xcconfig; name = "Pods-ParstagramTests.release.xcconfig"; path = "Target Support Files/Pods-ParstagramTests/Pods-ParstagramTests.release.xcconfig"; sourceTree = "<group>"; };
		EEEC34AEC31153D0CE068A56 /* Pods_Parstagram.framework */ = {isa = PBXFileReference; explicitFileType = wrapper.framework; includeInIndex = 0; path = Pods_Parstagram.framework; sourceTree = BUILT_PRODUCTS_DIR; };
/* End PBXFileReference section */

/* Begin PBXFrameworksBuildPhase section */
		C6BCE79924009377002AEF4C /* Frameworks */ = {
			isa = PBXFrameworksBuildPhase;
			buildActionMask = 2147483647;
			files = (
				2EB2587F12CF8E8FAFE7B2F1 /* Pods_Parstagram.framework in Frameworks */,
			);
			runOnlyForDeploymentPostprocessing = 0;
		};
		C6BCE7AF24009389002AEF4C /* Frameworks */ = {
			isa = PBXFrameworksBuildPhase;
			buildActionMask = 2147483647;
			files = (
				034E8EFEAE2B8B87E7A10488 /* Pods_ParstagramTests.framework in Frameworks */,
			);
			runOnlyForDeploymentPostprocessing = 0;
		};
		C6BCE7BA24009389002AEF4C /* Frameworks */ = {
			isa = PBXFrameworksBuildPhase;
			buildActionMask = 2147483647;
			files = (
				65D1C0B6246C288A8828E79A /* Pods_Parstagram_ParstagramUITests.framework in Frameworks */,
			);
			runOnlyForDeploymentPostprocessing = 0;
		};
/* End PBXFrameworksBuildPhase section */

/* Begin PBXGroup section */
		15158D364D56FF68F02C508F /* Frameworks */ = {
			isa = PBXGroup;
			children = (
				EEEC34AEC31153D0CE068A56 /* Pods_Parstagram.framework */,
				AA07CC3752D698C52B5F6CAB /* Pods_Parstagram_ParstagramUITests.framework */,
				ACC8E0189A451FECC31ECEDB /* Pods_ParstagramTests.framework */,
			);
			name = Frameworks;
			sourceTree = "<group>";
		};
		C10AEC2255FA461CE1266F46 /* Pods */ = {
			isa = PBXGroup;
			children = (
				8B9D7D22BC1B7AD7B8F12C86 /* Pods-Parstagram.debug.xcconfig */,
				A3D1CA34150FC38DA0880AC0 /* Pods-Parstagram.release.xcconfig */,
				294011A7F210C5FDA421ED87 /* Pods-Parstagram-ParstagramUITests.debug.xcconfig */,
				1081F8B9089B92454CC9CFF6 /* Pods-Parstagram-ParstagramUITests.release.xcconfig */,
				4763D42FD4C9E8EFE932F943 /* Pods-ParstagramTests.debug.xcconfig */,
				C9C42EE04688F574796AAEC6 /* Pods-ParstagramTests.release.xcconfig */,
			);
			path = Pods;
			sourceTree = "<group>";
		};
		C6BCE79324009377002AEF4C = {
			isa = PBXGroup;
			children = (
				C6BCE79E24009377002AEF4C /* Parstagram */,
				C6BCE7B524009389002AEF4C /* ParstagramTests */,
				C6BCE7C024009389002AEF4C /* ParstagramUITests */,
				C6BCE79D24009377002AEF4C /* Products */,
				C10AEC2255FA461CE1266F46 /* Pods */,
				15158D364D56FF68F02C508F /* Frameworks */,
			);
			sourceTree = "<group>";
		};
		C6BCE79D24009377002AEF4C /* Products */ = {
			isa = PBXGroup;
			children = (
				C6BCE79C24009377002AEF4C /* Parstagram.app */,
				C6BCE7B224009389002AEF4C /* ParstagramTests.xctest */,
				C6BCE7BD24009389002AEF4C /* ParstagramUITests.xctest */,
			);
			name = Products;
			sourceTree = "<group>";
		};
		C6BCE79E24009377002AEF4C /* Parstagram */ = {
			isa = PBXGroup;
			children = (
				C6BCE79F24009377002AEF4C /* AppDelegate.swift */,
				C6BCE7A124009377002AEF4C /* SceneDelegate.swift */,
				C6BCE7A524009377002AEF4C /* Main.storyboard */,
				C6BCE7A824009388002AEF4C /* Assets.xcassets */,
				C6BCE7AA24009388002AEF4C /* LaunchScreen.storyboard */,
				C6BCE7AD24009388002AEF4C /* Info.plist */,
				C6A4D26D2407281700E83E9D /* LoginViewController.swift */,
				C6A4D26F2407282800E83E9D /* FeedViewController.swift */,
				C644AC89240773EC0052F575 /* CameraViewController.swift */,
				C644AC8B24078D840052F575 /* PostCell.swift */,
				C644AC8D240ED9E20052F575 /* CommentCell.swift */,
			);
			path = Parstagram;
			sourceTree = "<group>";
		};
		C6BCE7B524009389002AEF4C /* ParstagramTests */ = {
			isa = PBXGroup;
			children = (
				C6BCE7B624009389002AEF4C /* ParstagramTests.swift */,
				C6BCE7B824009389002AEF4C /* Info.plist */,
			);
			path = ParstagramTests;
			sourceTree = "<group>";
		};
		C6BCE7C024009389002AEF4C /* ParstagramUITests */ = {
			isa = PBXGroup;
			children = (
				C6BCE7C124009389002AEF4C /* ParstagramUITests.swift */,
				C6BCE7C324009389002AEF4C /* Info.plist */,
			);
			path = ParstagramUITests;
			sourceTree = "<group>";
		};
/* End PBXGroup section */

/* Begin PBXNativeTarget section */
		C6BCE79B24009377002AEF4C /* Parstagram */ = {
			isa = PBXNativeTarget;
			buildConfigurationList = C6BCE7C624009389002AEF4C /* Build configuration list for PBXNativeTarget "Parstagram" */;
			buildPhases = (
				B0081AF2D86D5871D7F4A17F /* [CP] Check Pods Manifest.lock */,
				C6BCE79824009377002AEF4C /* Sources */,
				C6BCE79924009377002AEF4C /* Frameworks */,
				C6BCE79A24009377002AEF4C /* Resources */,
				F3AD765FA794E79C36B05ED9 /* [CP] Embed Pods Frameworks */,
			);
			buildRules = (
			);
			dependencies = (
			);
			name = Parstagram;
			productName = Parstagram;
			productReference = C6BCE79C24009377002AEF4C /* Parstagram.app */;
			productType = "com.apple.product-type.application";
		};
		C6BCE7B124009389002AEF4C /* ParstagramTests */ = {
			isa = PBXNativeTarget;
			buildConfigurationList = C6BCE7C924009389002AEF4C /* Build configuration list for PBXNativeTarget "ParstagramTests" */;
			buildPhases = (
				4E3C6CA83A4F9533457D6C87 /* [CP] Check Pods Manifest.lock */,
				C6BCE7AE24009389002AEF4C /* Sources */,
				C6BCE7AF24009389002AEF4C /* Frameworks */,
				C6BCE7B024009389002AEF4C /* Resources */,
			);
			buildRules = (
			);
			dependencies = (
				C6BCE7B424009389002AEF4C /* PBXTargetDependency */,
			);
			name = ParstagramTests;
			productName = ParstagramTests;
			productReference = C6BCE7B224009389002AEF4C /* ParstagramTests.xctest */;
			productType = "com.apple.product-type.bundle.unit-test";
		};
		C6BCE7BC24009389002AEF4C /* ParstagramUITests */ = {
			isa = PBXNativeTarget;
			buildConfigurationList = C6BCE7CC24009389002AEF4C /* Build configuration list for PBXNativeTarget "ParstagramUITests" */;
			buildPhases = (
				751AABBAA8CEE4201CA62C0D /* [CP] Check Pods Manifest.lock */,
				C6BCE7B924009389002AEF4C /* Sources */,
				C6BCE7BA24009389002AEF4C /* Frameworks */,
				C6BCE7BB24009389002AEF4C /* Resources */,
				B12249648718E149A306F010 /* [CP] Embed Pods Frameworks */,
			);
			buildRules = (
			);
			dependencies = (
				C6BCE7BF24009389002AEF4C /* PBXTargetDependency */,
			);
			name = ParstagramUITests;
			productName = ParstagramUITests;
			productReference = C6BCE7BD24009389002AEF4C /* ParstagramUITests.xctest */;
			productType = "com.apple.product-type.bundle.ui-testing";
		};
/* End PBXNativeTarget section */

/* Begin PBXProject section */
		C6BCE79424009377002AEF4C /* Project object */ = {
			isa = PBXProject;
			attributes = {
				LastSwiftUpdateCheck = 1130;
				LastUpgradeCheck = 1130;
				ORGANIZATIONNAME = codepath;
				TargetAttributes = {
					C6BCE79B24009377002AEF4C = {
						CreatedOnToolsVersion = 11.3.1;
					};
					C6BCE7B124009389002AEF4C = {
						CreatedOnToolsVersion = 11.3.1;
						TestTargetID = C6BCE79B24009377002AEF4C;
					};
					C6BCE7BC24009389002AEF4C = {
						CreatedOnToolsVersion = 11.3.1;
						TestTargetID = C6BCE79B24009377002AEF4C;
					};
				};
			};
			buildConfigurationList = C6BCE79724009377002AEF4C /* Build configuration list for PBXProject "Parstagram" */;
			compatibilityVersion = "Xcode 9.3";
			developmentRegion = en;
			hasScannedForEncodings = 0;
			knownRegions = (
				en,
				Base,
			);
			mainGroup = C6BCE79324009377002AEF4C;
			productRefGroup = C6BCE79D24009377002AEF4C /* Products */;
			projectDirPath = "";
			projectRoot = "";
			targets = (
				C6BCE79B24009377002AEF4C /* Parstagram */,
				C6BCE7B124009389002AEF4C /* ParstagramTests */,
				C6BCE7BC24009389002AEF4C /* ParstagramUITests */,
			);
		};
/* End PBXProject section */

/* Begin PBXResourcesBuildPhase section */
		C6BCE79A24009377002AEF4C /* Resources */ = {
			isa = PBXResourcesBuildPhase;
			buildActionMask = 2147483647;
			files = (
				C6BCE7AC24009388002AEF4C /* LaunchScreen.storyboard in Resources */,
				C6BCE7A924009388002AEF4C /* Assets.xcassets in Resources */,
				C6BCE7A724009377002AEF4C /* Main.storyboard in Resources */,
			);
			runOnlyForDeploymentPostprocessing = 0;
		};
		C6BCE7B024009389002AEF4C /* Resources */ = {
			isa = PBXResourcesBuildPhase;
			buildActionMask = 2147483647;
			files = (
			);
			runOnlyForDeploymentPostprocessing = 0;
		};
		C6BCE7BB24009389002AEF4C /* Resources */ = {
			isa = PBXResourcesBuildPhase;
			buildActionMask = 2147483647;
			files = (
			);
			runOnlyForDeploymentPostprocessing = 0;
		};
/* End PBXResourcesBuildPhase section */

/* Begin PBXShellScriptBuildPhase section */
		4E3C6CA83A4F9533457D6C87 /* [CP] Check Pods Manifest.lock */ = {
			isa = PBXShellScriptBuildPhase;
			buildActionMask = 2147483647;
			files = (
			);
			inputFileListPaths = (
			);
			inputPaths = (
				"${PODS_PODFILE_DIR_PATH}/Podfile.lock",
				"${PODS_ROOT}/Manifest.lock",
			);
			name = "[CP] Check Pods Manifest.lock";
			outputFileListPaths = (
			);
			outputPaths = (
				"$(DERIVED_FILE_DIR)/Pods-ParstagramTests-checkManifestLockResult.txt",
			);
			runOnlyForDeploymentPostprocessing = 0;
			shellPath = /bin/sh;
			shellScript = "diff \"${PODS_PODFILE_DIR_PATH}/Podfile.lock\" \"${PODS_ROOT}/Manifest.lock\" > /dev/null\nif [ $? != 0 ] ; then\n    # print error to STDERR\n    echo \"error: The sandbox is not in sync with the Podfile.lock. Run 'pod install' or update your CocoaPods installation.\" >&2\n    exit 1\nfi\n# This output is used by Xcode 'outputs' to avoid re-running this script phase.\necho \"SUCCESS\" > \"${SCRIPT_OUTPUT_FILE_0}\"\n";
			showEnvVarsInLog = 0;
		};
		751AABBAA8CEE4201CA62C0D /* [CP] Check Pods Manifest.lock */ = {
			isa = PBXShellScriptBuildPhase;
			buildActionMask = 2147483647;
			files = (
			);
			inputFileListPaths = (
			);
			inputPaths = (
				"${PODS_PODFILE_DIR_PATH}/Podfile.lock",
				"${PODS_ROOT}/Manifest.lock",
			);
			name = "[CP] Check Pods Manifest.lock";
			outputFileListPaths = (
			);
			outputPaths = (
				"$(DERIVED_FILE_DIR)/Pods-Parstagram-ParstagramUITests-checkManifestLockResult.txt",
			);
			runOnlyForDeploymentPostprocessing = 0;
			shellPath = /bin/sh;
			shellScript = "diff \"${PODS_PODFILE_DIR_PATH}/Podfile.lock\" \"${PODS_ROOT}/Manifest.lock\" > /dev/null\nif [ $? != 0 ] ; then\n    # print error to STDERR\n    echo \"error: The sandbox is not in sync with the Podfile.lock. Run 'pod install' or update your CocoaPods installation.\" >&2\n    exit 1\nfi\n# This output is used by Xcode 'outputs' to avoid re-running this script phase.\necho \"SUCCESS\" > \"${SCRIPT_OUTPUT_FILE_0}\"\n";
			showEnvVarsInLog = 0;
		};
		B0081AF2D86D5871D7F4A17F /* [CP] Check Pods Manifest.lock */ = {
			isa = PBXShellScriptBuildPhase;
			buildActionMask = 2147483647;
			files = (
			);
			inputFileListPaths = (
			);
			inputPaths = (
				"${PODS_PODFILE_DIR_PATH}/Podfile.lock",
				"${PODS_ROOT}/Manifest.lock",
			);
			name = "[CP] Check Pods Manifest.lock";
			outputFileListPaths = (
			);
			outputPaths = (
				"$(DERIVED_FILE_DIR)/Pods-Parstagram-checkManifestLockResult.txt",
			);
			runOnlyForDeploymentPostprocessing = 0;
			shellPath = /bin/sh;
			shellScript = "diff \"${PODS_PODFILE_DIR_PATH}/Podfile.lock\" \"${PODS_ROOT}/Manifest.lock\" > /dev/null\nif [ $? != 0 ] ; then\n    # print error to STDERR\n    echo \"error: The sandbox is not in sync with the Podfile.lock. Run 'pod install' or update your CocoaPods installation.\" >&2\n    exit 1\nfi\n# This output is used by Xcode 'outputs' to avoid re-running this script phase.\necho \"SUCCESS\" > \"${SCRIPT_OUTPUT_FILE_0}\"\n";
			showEnvVarsInLog = 0;
		};
		B12249648718E149A306F010 /* [CP] Embed Pods Frameworks */ = {
			isa = PBXShellScriptBuildPhase;
			buildActionMask = 2147483647;
			files = (
			);
			inputFileListPaths = (
				"${PODS_ROOT}/Target Support Files/Pods-Parstagram-ParstagramUITests/Pods-Parstagram-ParstagramUITests-frameworks-${CONFIGURATION}-input-files.xcfilelist",
			);
			name = "[CP] Embed Pods Frameworks";
			outputFileListPaths = (
				"${PODS_ROOT}/Target Support Files/Pods-Parstagram-ParstagramUITests/Pods-Parstagram-ParstagramUITests-frameworks-${CONFIGURATION}-output-files.xcfilelist",
			);
			runOnlyForDeploymentPostprocessing = 0;
			shellPath = /bin/sh;
			shellScript = "\"${PODS_ROOT}/Target Support Files/Pods-Parstagram-ParstagramUITests/Pods-Parstagram-ParstagramUITests-frameworks.sh\"\n";
			showEnvVarsInLog = 0;
		};
		F3AD765FA794E79C36B05ED9 /* [CP] Embed Pods Frameworks */ = {
			isa = PBXShellScriptBuildPhase;
			buildActionMask = 2147483647;
			files = (
			);
			inputFileListPaths = (
				"${PODS_ROOT}/Target Support Files/Pods-Parstagram/Pods-Parstagram-frameworks-${CONFIGURATION}-input-files.xcfilelist",
			);
			name = "[CP] Embed Pods Frameworks";
			outputFileListPaths = (
				"${PODS_ROOT}/Target Support Files/Pods-Parstagram/Pods-Parstagram-frameworks-${CONFIGURATION}-output-files.xcfilelist",
			);
			runOnlyForDeploymentPostprocessing = 0;
			shellPath = /bin/sh;
			shellScript = "\"${PODS_ROOT}/Target Support Files/Pods-Parstagram/Pods-Parstagram-frameworks.sh\"\n";
			showEnvVarsInLog = 0;
		};
/* End PBXShellScriptBuildPhase section */

/* Begin PBXSourcesBuildPhase section */
		C6BCE79824009377002AEF4C /* Sources */ = {
			isa = PBXSourcesBuildPhase;
			buildActionMask = 2147483647;
			files = (
				C6A4D26E2407281700E83E9D /* LoginViewController.swift in Sources */,
				C644AC8A240773EC0052F575 /* CameraViewController.swift in Sources */,
				C6BCE7A024009377002AEF4C /* AppDelegate.swift in Sources */,
				C6A4D2702407282800E83E9D /* FeedViewController.swift in Sources */,
				C6BCE7A224009377002AEF4C /* SceneDelegate.swift in Sources */,
				C644AC8C24078D840052F575 /* PostCell.swift in Sources */,
				C644AC8E240ED9E20052F575 /* CommentCell.swift in Sources */,
			);
			runOnlyForDeploymentPostprocessing = 0;
		};
		C6BCE7AE24009389002AEF4C /* Sources */ = {
			isa = PBXSourcesBuildPhase;
			buildActionMask = 2147483647;
			files = (
				C6BCE7B724009389002AEF4C /* ParstagramTests.swift in Sources */,
			);
			runOnlyForDeploymentPostprocessing = 0;
		};
		C6BCE7B924009389002AEF4C /* Sources */ = {
			isa = PBXSourcesBuildPhase;
			buildActionMask = 2147483647;
			files = (
				C6BCE7C224009389002AEF4C /* ParstagramUITests.swift in Sources */,
			);
			runOnlyForDeploymentPostprocessing = 0;
		};
/* End PBXSourcesBuildPhase section */

/* Begin PBXTargetDependency section */
		C6BCE7B424009389002AEF4C /* PBXTargetDependency */ = {
			isa = PBXTargetDependency;
			target = C6BCE79B24009377002AEF4C /* Parstagram */;
			targetProxy = C6BCE7B324009389002AEF4C /* PBXContainerItemProxy */;
		};
		C6BCE7BF24009389002AEF4C /* PBXTargetDependency */ = {
			isa = PBXTargetDependency;
			target = C6BCE79B24009377002AEF4C /* Parstagram */;
			targetProxy = C6BCE7BE24009389002AEF4C /* PBXContainerItemProxy */;
		};
/* End PBXTargetDependency section */

/* Begin PBXVariantGroup section */
		C6BCE7A524009377002AEF4C /* Main.storyboard */ = {
			isa = PBXVariantGroup;
			children = (
				C6BCE7A624009377002AEF4C /* Base */,
			);
			name = Main.storyboard;
			sourceTree = "<group>";
		};
		C6BCE7AA24009388002AEF4C /* LaunchScreen.storyboard */ = {
			isa = PBXVariantGroup;
			children = (
				C6BCE7AB24009388002AEF4C /* Base */,
			);
			name = LaunchScreen.storyboard;
			sourceTree = "<group>";
		};
/* End PBXVariantGroup section */

/* Begin XCBuildConfiguration section */
		C6BCE7C424009389002AEF4C /* Debug */ = {
			isa = XCBuildConfiguration;
			buildSettings = {
				ALWAYS_SEARCH_USER_PATHS = NO;
				CLANG_ANALYZER_NONNULL = YES;
				CLANG_ANALYZER_NUMBER_OBJECT_CONVERSION = YES_AGGRESSIVE;
				CLANG_CXX_LANGUAGE_STANDARD = "gnu++14";
				CLANG_CXX_LIBRARY = "libc++";
				CLANG_ENABLE_MODULES = YES;
				CLANG_ENABLE_OBJC_ARC = YES;
				CLANG_ENABLE_OBJC_WEAK = YES;
				CLANG_WARN_BLOCK_CAPTURE_AUTORELEASING = YES;
				CLANG_WARN_BOOL_CONVERSION = YES;
				CLANG_WARN_COMMA = YES;
				CLANG_WARN_CONSTANT_CONVERSION = YES;
				CLANG_WARN_DEPRECATED_OBJC_IMPLEMENTATIONS = YES;
				CLANG_WARN_DIRECT_OBJC_ISA_USAGE = YES_ERROR;
				CLANG_WARN_DOCUMENTATION_COMMENTS = YES;
				CLANG_WARN_EMPTY_BODY = YES;
				CLANG_WARN_ENUM_CONVERSION = YES;
				CLANG_WARN_INFINITE_RECURSION = YES;
				CLANG_WARN_INT_CONVERSION = YES;
				CLANG_WARN_NON_LITERAL_NULL_CONVERSION = YES;
				CLANG_WARN_OBJC_IMPLICIT_RETAIN_SELF = YES;
				CLANG_WARN_OBJC_LITERAL_CONVERSION = YES;
				CLANG_WARN_OBJC_ROOT_CLASS = YES_ERROR;
				CLANG_WARN_RANGE_LOOP_ANALYSIS = YES;
				CLANG_WARN_STRICT_PROTOTYPES = YES;
				CLANG_WARN_SUSPICIOUS_MOVE = YES;
				CLANG_WARN_UNGUARDED_AVAILABILITY = YES_AGGRESSIVE;
				CLANG_WARN_UNREACHABLE_CODE = YES;
				CLANG_WARN__DUPLICATE_METHOD_MATCH = YES;
				COPY_PHASE_STRIP = NO;
				DEBUG_INFORMATION_FORMAT = dwarf;
				ENABLE_STRICT_OBJC_MSGSEND = YES;
				ENABLE_TESTABILITY = YES;
				GCC_C_LANGUAGE_STANDARD = gnu11;
				GCC_DYNAMIC_NO_PIC = NO;
				GCC_NO_COMMON_BLOCKS = YES;
				GCC_OPTIMIZATION_LEVEL = 0;
				GCC_PREPROCESSOR_DEFINITIONS = (
					"DEBUG=1",
					"$(inherited)",
				);
				GCC_WARN_64_TO_32_BIT_CONVERSION = YES;
				GCC_WARN_ABOUT_RETURN_TYPE = YES_ERROR;
				GCC_WARN_UNDECLARED_SELECTOR = YES;
				GCC_WARN_UNINITIALIZED_AUTOS = YES_AGGRESSIVE;
				GCC_WARN_UNUSED_FUNCTION = YES;
				GCC_WARN_UNUSED_VARIABLE = YES;
				IPHONEOS_DEPLOYMENT_TARGET = 13.2;
				MTL_ENABLE_DEBUG_INFO = INCLUDE_SOURCE;
				MTL_FAST_MATH = YES;
				ONLY_ACTIVE_ARCH = YES;
				SDKROOT = iphoneos;
				SWIFT_ACTIVE_COMPILATION_CONDITIONS = DEBUG;
				SWIFT_OPTIMIZATION_LEVEL = "-Onone";
			};
			name = Debug;
		};
		C6BCE7C524009389002AEF4C /* Release */ = {
			isa = XCBuildConfiguration;
			buildSettings = {
				ALWAYS_SEARCH_USER_PATHS = NO;
				CLANG_ANALYZER_NONNULL = YES;
				CLANG_ANALYZER_NUMBER_OBJECT_CONVERSION = YES_AGGRESSIVE;
				CLANG_CXX_LANGUAGE_STANDARD = "gnu++14";
				CLANG_CXX_LIBRARY = "libc++";
				CLANG_ENABLE_MODULES = YES;
				CLANG_ENABLE_OBJC_ARC = YES;
				CLANG_ENABLE_OBJC_WEAK = YES;
				CLANG_WARN_BLOCK_CAPTURE_AUTORELEASING = YES;
				CLANG_WARN_BOOL_CONVERSION = YES;
				CLANG_WARN_COMMA = YES;
				CLANG_WARN_CONSTANT_CONVERSION = YES;
				CLANG_WARN_DEPRECATED_OBJC_IMPLEMENTATIONS = YES;
				CLANG_WARN_DIRECT_OBJC_ISA_USAGE = YES_ERROR;
				CLANG_WARN_DOCUMENTATION_COMMENTS = YES;
				CLANG_WARN_EMPTY_BODY = YES;
				CLANG_WARN_ENUM_CONVERSION = YES;
				CLANG_WARN_INFINITE_RECURSION = YES;
				CLANG_WARN_INT_CONVERSION = YES;
				CLANG_WARN_NON_LITERAL_NULL_CONVERSION = YES;
				CLANG_WARN_OBJC_IMPLICIT_RETAIN_SELF = YES;
				CLANG_WARN_OBJC_LITERAL_CONVERSION = YES;
				CLANG_WARN_OBJC_ROOT_CLASS = YES_ERROR;
				CLANG_WARN_RANGE_LOOP_ANALYSIS = YES;
				CLANG_WARN_STRICT_PROTOTYPES = YES;
				CLANG_WARN_SUSPICIOUS_MOVE = YES;
				CLANG_WARN_UNGUARDED_AVAILABILITY = YES_AGGRESSIVE;
				CLANG_WARN_UNREACHABLE_CODE = YES;
				CLANG_WARN__DUPLICATE_METHOD_MATCH = YES;
				COPY_PHASE_STRIP = NO;
				DEBUG_INFORMATION_FORMAT = "dwarf-with-dsym";
				ENABLE_NS_ASSERTIONS = NO;
				ENABLE_STRICT_OBJC_MSGSEND = YES;
				GCC_C_LANGUAGE_STANDARD = gnu11;
				GCC_NO_COMMON_BLOCKS = YES;
				GCC_WARN_64_TO_32_BIT_CONVERSION = YES;
				GCC_WARN_ABOUT_RETURN_TYPE = YES_ERROR;
				GCC_WARN_UNDECLARED_SELECTOR = YES;
				GCC_WARN_UNINITIALIZED_AUTOS = YES_AGGRESSIVE;
				GCC_WARN_UNUSED_FUNCTION = YES;
				GCC_WARN_UNUSED_VARIABLE = YES;
				IPHONEOS_DEPLOYMENT_TARGET = 13.2;
				MTL_ENABLE_DEBUG_INFO = NO;
				MTL_FAST_MATH = YES;
				SDKROOT = iphoneos;
				SWIFT_COMPILATION_MODE = wholemodule;
				SWIFT_OPTIMIZATION_LEVEL = "-O";
				VALIDATE_PRODUCT = YES;
			};
			name = Release;
		};
		C6BCE7C724009389002AEF4C /* Debug */ = {
			isa = XCBuildConfiguration;
			baseConfigurationReference = 8B9D7D22BC1B7AD7B8F12C86 /* Pods-Parstagram.debug.xcconfig */;
			buildSettings = {
				ASSETCATALOG_COMPILER_APPICON_NAME = AppIcon;
				CODE_SIGN_STYLE = Automatic;
				INFOPLIST_FILE = Parstagram/Info.plist;
				LD_RUNPATH_SEARCH_PATHS = (
					"$(inherited)",
					"@executable_path/Frameworks",
				);
				PRODUCT_BUNDLE_IDENTIFIER = com.codepath.Parstagram;
				PRODUCT_NAME = "$(TARGET_NAME)";
				SWIFT_VERSION = 5.0;
				TARGETED_DEVICE_FAMILY = "1,2";
			};
			name = Debug;
		};
		C6BCE7C824009389002AEF4C /* Release */ = {
			isa = XCBuildConfiguration;
			baseConfigurationReference = A3D1CA34150FC38DA0880AC0 /* Pods-Parstagram.release.xcconfig */;
			buildSettings = {
				ASSETCATALOG_COMPILER_APPICON_NAME = AppIcon;
				CODE_SIGN_STYLE = Automatic;
				INFOPLIST_FILE = Parstagram/Info.plist;
				LD_RUNPATH_SEARCH_PATHS = (
					"$(inherited)",
					"@executable_path/Frameworks",
				);
				PRODUCT_BUNDLE_IDENTIFIER = com.codepath.Parstagram;
				PRODUCT_NAME = "$(TARGET_NAME)";
				SWIFT_VERSION = 5.0;
				TARGETED_DEVICE_FAMILY = "1,2";
			};
			name = Release;
		};
		C6BCE7CA24009389002AEF4C /* Debug */ = {
			isa = XCBuildConfiguration;
			baseConfigurationReference = 4763D42FD4C9E8EFE932F943 /* Pods-ParstagramTests.debug.xcconfig */;
			buildSettings = {
				ALWAYS_EMBED_SWIFT_STANDARD_LIBRARIES = YES;
				BUNDLE_LOADER = "$(TEST_HOST)";
				CODE_SIGN_STYLE = Automatic;
				INFOPLIST_FILE = ParstagramTests/Info.plist;
				IPHONEOS_DEPLOYMENT_TARGET = 13.2;
				LD_RUNPATH_SEARCH_PATHS = (
					"$(inherited)",
					"@executable_path/Frameworks",
					"@loader_path/Frameworks",
				);
				PRODUCT_BUNDLE_IDENTIFIER = com.codepath.ParstagramTests;
				PRODUCT_NAME = "$(TARGET_NAME)";
				SWIFT_VERSION = 5.0;
				TARGETED_DEVICE_FAMILY = "1,2";
				TEST_HOST = "$(BUILT_PRODUCTS_DIR)/Parstagram.app/Parstagram";
			};
			name = Debug;
		};
		C6BCE7CB24009389002AEF4C /* Release */ = {
			isa = XCBuildConfiguration;
			baseConfigurationReference = C9C42EE04688F574796AAEC6 /* Pods-ParstagramTests.release.xcconfig */;
			buildSettings = {
				ALWAYS_EMBED_SWIFT_STANDARD_LIBRARIES = YES;
				BUNDLE_LOADER = "$(TEST_HOST)";
				CODE_SIGN_STYLE = Automatic;
				INFOPLIST_FILE = ParstagramTests/Info.plist;
				IPHONEOS_DEPLOYMENT_TARGET = 13.2;
				LD_RUNPATH_SEARCH_PATHS = (
					"$(inherited)",
					"@executable_path/Frameworks",
					"@loader_path/Frameworks",
				);
				PRODUCT_BUNDLE_IDENTIFIER = com.codepath.ParstagramTests;
				PRODUCT_NAME = "$(TARGET_NAME)";
				SWIFT_VERSION = 5.0;
				TARGETED_DEVICE_FAMILY = "1,2";
				TEST_HOST = "$(BUILT_PRODUCTS_DIR)/Parstagram.app/Parstagram";
			};
			name = Release;
		};
		C6BCE7CD24009389002AEF4C /* Debug */ = {
			isa = XCBuildConfiguration;
			baseConfigurationReference = 294011A7F210C5FDA421ED87 /* Pods-Parstagram-ParstagramUITests.debug.xcconfig */;
			buildSettings = {
				ALWAYS_EMBED_SWIFT_STANDARD_LIBRARIES = YES;
				CODE_SIGN_STYLE = Automatic;
				INFOPLIST_FILE = ParstagramUITests/Info.plist;
				LD_RUNPATH_SEARCH_PATHS = (
					"$(inherited)",
					"@executable_path/Frameworks",
					"@loader_path/Frameworks",
				);
				PRODUCT_BUNDLE_IDENTIFIER = com.codepath.ParstagramUITests;
				PRODUCT_NAME = "$(TARGET_NAME)";
				SWIFT_VERSION = 5.0;
				TARGETED_DEVICE_FAMILY = "1,2";
				TEST_TARGET_NAME = Parstagram;
			};
			name = Debug;
		};
		C6BCE7CE24009389002AEF4C /* Release */ = {
			isa = XCBuildConfiguration;
			baseConfigurationReference = 1081F8B9089B92454CC9CFF6 /* Pods-Parstagram-ParstagramUITests.release.xcconfig */;
			buildSettings = {
				ALWAYS_EMBED_SWIFT_STANDARD_LIBRARIES = YES;
				CODE_SIGN_STYLE = Automatic;
				INFOPLIST_FILE = ParstagramUITests/Info.plist;
				LD_RUNPATH_SEARCH_PATHS = (
					"$(inherited)",
					"@executable_path/Frameworks",
					"@loader_path/Frameworks",
				);
				PRODUCT_BUNDLE_IDENTIFIER = com.codepath.ParstagramUITests;
				PRODUCT_NAME = "$(TARGET_NAME)";
				SWIFT_VERSION = 5.0;
				TARGETED_DEVICE_FAMILY = "1,2";
				TEST_TARGET_NAME = Parstagram;
			};
			name = Release;
		};
/* End XCBuildConfiguration section */

/* Begin XCConfigurationList section */
		C6BCE79724009377002AEF4C /* Build configuration list for PBXProject "Parstagram" */ = {
			isa = XCConfigurationList;
			buildConfigurations = (
				C6BCE7C424009389002AEF4C /* Debug */,
				C6BCE7C524009389002AEF4C /* Release */,
			);
			defaultConfigurationIsVisible = 0;
			defaultConfigurationName = Release;
		};
		C6BCE7C624009389002AEF4C /* Build configuration list for PBXNativeTarget "Parstagram" */ = {
			isa = XCConfigurationList;
			buildConfigurations = (
				C6BCE7C724009389002AEF4C /* Debug */,
				C6BCE7C824009389002AEF4C /* Release */,
			);
			defaultConfigurationIsVisible = 0;
			defaultConfigurationName = Release;
		};
		C6BCE7C924009389002AEF4C /* Build configuration list for PBXNativeTarget "ParstagramTests" */ = {
			isa = XCConfigurationList;
			buildConfigurations = (
				C6BCE7CA24009389002AEF4C /* Debug */,
				C6BCE7CB24009389002AEF4C /* Release */,
			);
			defaultConfigurationIsVisible = 0;
			defaultConfigurationName = Release;
		};
		C6BCE7CC24009389002AEF4C /* Build configuration list for PBXNativeTarget "ParstagramUITests" */ = {
			isa = XCConfigurationList;
			buildConfigurations = (
				C6BCE7CD24009389002AEF4C /* Debug */,
				C6BCE7CE24009389002AEF4C /* Release */,
			);
			defaultConfigurationIsVisible = 0;
			defaultConfigurationName = Release;
		};
/* End XCConfigurationList section */
	};
	rootObject = C6BCE79424009377002AEF4C /* Project object */;
}
